
Microsoft Visual Studio Solution File, Format Version 12.00
# Visual Studio Version 17
VisualStudioVersion = 17.11.35303.130
MinimumVisualStudioVersion = 10.0.40219.1
Project("{FAE04EC0-301F-11D3-BF4B-00C04F79EFBC}") = "Katalon_IsLeap", "Katalon_IsLeap.csproj", "{121AD4EC-F719-4DF5-8CF3-45431F56275F}"
EndProject
Global
	GlobalSection(SolutionConfigurationPlatforms) = preSolution
		Debug|Any CPU = Debug|Any CPU
		Release|Any CPU = Release|Any CPU
	EndGlobalSection
	GlobalSection(ProjectConfigurationPlatforms) = postSolution
		{121AD4EC-F719-4DF5-8CF3-45431F56275F}.Debug|Any CPU.ActiveCfg = Debug|Any CPU
		{121AD4EC-F719-4DF5-8CF3-45431F56275F}.Debug|Any CPU.Build.0 = Debug|Any CPU
		{121AD4EC-F719-4DF5-8CF3-45431F56275F}.Release|Any CPU.ActiveCfg = Release|Any CPU
		{121AD4EC-F719-4DF5-8CF3-45431F56275F}.Release|Any CPU.Build.0 = Release|Any CPU
	EndGlobalSection
	GlobalSection(SolutionProperties) = preSolution
		HideSolutionNode = FALSE
	EndGlobalSection
	GlobalSection(ExtensibilityGlobals) = postSolution
		SolutionGuid = {D9A963B0-C9B0-4964-8760-00313AB37C19}
	EndGlobalSection
EndGlobal
